
Microsoft Visual Studio Solution File, Format Version 12.00
# Visual Studio Version 17
VisualStudioVersion = 17.12.35728.132
MinimumVisualStudioVersion = 10.0.40219.1
Project("{FAE04EC0-301F-11D3-BF4B-00C04F79EFBC}") = "Parabola", "Parabola_test\Parabola.csproj", "{361AFE4A-B65D-4A56-808F-096D7B91A2E9}"
EndProject
Project("{FAE04EC0-301F-11D3-BF4B-00C04F79EFBC}") = "Parabola.Tests", "Parabola.Tests\Parabola.Tests.csproj", "{9E11B63A-5799-4349-9FC6-B1EB32F91085}"
EndProject
Global
	GlobalSection(SolutionConfigurationPlatforms) = preSolution
		Debug|Any CPU = Debug|Any CPU
		Release|Any CPU = Release|Any CPU
	EndGlobalSection
	GlobalSection(ProjectConfigurationPlatforms) = postSolution
		{361AFE4A-B65D-4A56-808F-096D7B91A2E9}.Debug|Any CPU.ActiveCfg = Debug|Any CPU
		{361AFE4A-B65D-4A56-808F-096D7B91A2E9}.Debug|Any CPU.Build.0 = Debug|Any CPU
		{361AFE4A-B65D-4A56-808F-096D7B91A2E9}.Release|Any CPU.ActiveCfg = Release|Any CPU
		{361AFE4A-B65D-4A56-808F-096D7B91A2E9}.Release|Any CPU.Build.0 = Release|Any CPU
		{9E11B63A-5799-4349-9FC6-B1EB32F91085}.Debug|Any CPU.ActiveCfg = Debug|Any CPU
		{9E11B63A-5799-4349-9FC6-B1EB32F91085}.Debug|Any CPU.Build.0 = Debug|Any CPU
		{9E11B63A-5799-4349-9FC6-B1EB32F91085}.Release|Any CPU.ActiveCfg = Release|Any CPU
		{9E11B63A-5799-4349-9FC6-B1EB32F91085}.Release|Any CPU.Build.0 = Release|Any CPU
	EndGlobalSection
	GlobalSection(SolutionProperties) = preSolution
		HideSolutionNode = FALSE
	EndGlobalSection
EndGlobal
